# This file was autogenerated by Stack.
# You should not edit this file by hand.
# For more information, please see the documentation at:
#   https://docs.haskellstack.org/en/stable/lock_files

packages:
- completed:
    hackage: pipes-zlib-0.4.4.2@sha256:eabd5aa29a030ecdeade80cfeb1787adc181bcf8fd378cb7b695b2af6cb26af6,1947
    pantry-tree:
      sha256: 83893890ab982e322bf7f446cc1d17fc19ce0b9b8041b10b296d86c7622ec050
      size: 470
  original:
    hackage: pipes-zlib-0.4.4.2
snapshots:
- completed:
    sha256: 08bd13ce621b41a8f5e51456b38d5b46d7783ce114a50ab604d6bbab0d002146
    size: 720271
    url: https://raw.githubusercontent.com/commercialhaskell/stackage-snapshots/master/lts/22/43.yaml
  original: lts-22.43
